
Microsoft Visual Studio Solution File, Format Version 12.00
# Visual Studio Version 16
VisualStudioVersion = 16.0.31205.134
MinimumVisualStudioVersion = 10.0.40219.1
Project("{FAE04EC0-301F-11D3-BF4B-00C04F79EFBC}") = "Renita_Perhotelan_XIIRPLB", "Renita_Perhotelan_XIIRPLB\Renita_Perhotelan_XIIRPLB.csproj", "{F3CEB01E-5F89-4929-91C6-06BC73BDFA51}"
EndProject
Global
	GlobalSection(SolutionConfigurationPlatforms) = preSolution
		Debug|Any CPU = Debug|Any CPU
		Release|Any CPU = Release|Any CPU
	EndGlobalSection
	GlobalSection(ProjectConfigurationPlatforms) = postSolution
		{F3CEB01E-5F89-4929-91C6-06BC73BDFA51}.Debug|Any CPU.ActiveCfg = Debug|Any CPU
		{F3CEB01E-5F89-4929-91C6-06BC73BDFA51}.Debug|Any CPU.Build.0 = Debug|Any CPU
		{F3CEB01E-5F89-4929-91C6-06BC73BDFA51}.Release|Any CPU.ActiveCfg = Release|Any CPU
		{F3CEB01E-5F89-4929-91C6-06BC73BDFA51}.Release|Any CPU.Build.0 = Release|Any CPU
	EndGlobalSection
	GlobalSection(SolutionProperties) = preSolution
		HideSolutionNode = FALSE
	EndGlobalSection
	GlobalSection(ExtensibilityGlobals) = postSolution
		SolutionGuid = {E1CC2572-4370-4CBB-A8B2-DD627FCD200D}
	EndGlobalSection
EndGlobal
